{
  "name": "mindicraft-guide",
  "lockfileVersion": 3,
  "requires": true,
  "packages": {
    "": {
      "name": "mindicraft-guide",
      "dependencies": {
        "marked": "^15.0.0"
      }
    },
    "node_modules/marked": {
      "version": "15.0.12",
      "license": "MIT",
      "bin": {
        "marked": "bin/marked.js"
      },
      "engines": {
        "node": ">= 18"
      }
    }
  }
}
